// !$*UTF8*$!
{
	archiveVersion = 1;
	classes = {
	};
	objectVersion = 77;
	objects = {

/* Begin PBXBuildFile section */
		869CE9052E54265200A9763E /* Then in Frameworks */ = {isa = PBXBuildFile; productRef = 869CE9042E54265200A9763E /* Then */; };
		869CE9082E54266100A9763E /* SnapKit in Frameworks */ = {isa = PBXBuildFile; productRef = 869CE9072E54266100A9763E /* SnapKit */; };
		869CE90B2E54268700A9763E /* RxCocoa in Frameworks */ = {isa = PBXBuildFile; productRef = 869CE90A2E54268700A9763E /* RxCocoa */; };
		869CE90D2E54268700A9763E /* RxRelay in Frameworks */ = {isa = PBXBuildFile; productRef = 869CE90C2E54268700A9763E /* RxRelay */; };
		869CE90F2E54268700A9763E /* RxSwift in Frameworks */ = {isa = PBXBuildFile; productRef = 869CE90E2E54268700A9763E /* RxSwift */; };
		86A1884E2E55E80C00A39C5A /* RxTest in Frameworks */ = {isa = PBXBuildFile; productRef = 86A1884D2E55E80C00A39C5A /* RxTest */; };
/* End PBXBuildFile section */

/* Begin PBXContainerItemProxy section */
		86EB6FEF2E55D98600556F51 /* PBXContainerItemProxy */ = {
			isa = PBXContainerItemProxy;
			containerPortal = 869CE6762E54253C00A9763E /* Project object */;
			proxyType = 1;
			remoteGlobalIDString = 869CE67D2E54253C00A9763E;
			remoteInfo = BaroInterniOS;
		};
/* End PBXContainerItemProxy section */

/* Begin PBXFileReference section */
		869CE67E2E54253C00A9763E /* BaroInterniOS.app */ = {isa = PBXFileReference; explicitFileType = wrapper.application; includeInIndex = 0; path = BaroInterniOS.app; sourceTree = BUILT_PRODUCTS_DIR; };
		86EB6FEB2E55D98600556F51 /* BaroInterniOSTests.xctest */ = {isa = PBXFileReference; explicitFileType = wrapper.cfbundle; includeInIndex = 0; path = BaroInterniOSTests.xctest; sourceTree = BUILT_PRODUCTS_DIR; };
/* End PBXFileReference section */

/* Begin PBXFileSystemSynchronizedBuildFileExceptionSet section */
		869CE6902E54253D00A9763E /* Exceptions for "BaroInterniOS" folder in "BaroInterniOS" target */ = {
			isa = PBXFileSystemSynchronizedBuildFileExceptionSet;
			membershipExceptions = (
				Resource/Info.plist,
			);
			target = 869CE67D2E54253C00A9763E /* BaroInterniOS */;
		};
/* End PBXFileSystemSynchronizedBuildFileExceptionSet section */

/* Begin PBXFileSystemSynchronizedRootGroup section */
		869CE6802E54253C00A9763E /* BaroInterniOS */ = {
			isa = PBXFileSystemSynchronizedRootGroup;
			exceptions = (
				869CE6902E54253D00A9763E /* Exceptions for "BaroInterniOS" folder in "BaroInterniOS" target */,
			);
			path = BaroInterniOS;
			sourceTree = "<group>";
		};
		86EB6FEC2E55D98600556F51 /* BaroInterniOSTests */ = {
			isa = PBXFileSystemSynchronizedRootGroup;
			path = BaroInterniOSTests;
			sourceTree = "<group>";
		};
/* End PBXFileSystemSynchronizedRootGroup section */

/* Begin PBXFrameworksBuildPhase section */
		869CE67B2E54253C00A9763E /* Frameworks */ = {
			isa = PBXFrameworksBuildPhase;
			buildActionMask = 2147483647;
			files = (
				869CE90B2E54268700A9763E /* RxCocoa in Frameworks */,
				869CE9052E54265200A9763E /* Then in Frameworks */,
				869CE90F2E54268700A9763E /* RxSwift in Frameworks */,
				869CE90D2E54268700A9763E /* RxRelay in Frameworks */,
				869CE9082E54266100A9763E /* SnapKit in Frameworks */,
			);
			runOnlyForDeploymentPostprocessing = 0;
		};
		86EB6FE82E55D98600556F51 /* Frameworks */ = {
			isa = PBXFrameworksBuildPhase;
			buildActionMask = 2147483647;
			files = (
				86A1884E2E55E80C00A39C5A /* RxTest in Frameworks */,
			);
			runOnlyForDeploymentPostprocessing = 0;
		};
/* End PBXFrameworksBuildPhase section */

/* Begin PBXGroup section */
		869CE6752E54253C00A9763E = {
			isa = PBXGroup;
			children = (
				869CE6802E54253C00A9763E /* BaroInterniOS */,
				86EB6FEC2E55D98600556F51 /* BaroInterniOSTests */,
				86EB6FFD2E55DCAC00556F51 /* Frameworks */,
				869CE67F2E54253C00A9763E /* Products */,
			);
			sourceTree = "<group>";
		};
		869CE67F2E54253C00A9763E /* Products */ = {
			isa = PBXGroup;
			children = (
				869CE67E2E54253C00A9763E /* BaroInterniOS.app */,
				86EB6FEB2E55D98600556F51 /* BaroInterniOSTests.xctest */,
			);
			name = Products;
			sourceTree = "<group>";
		};
		86EB6FFD2E55DCAC00556F51 /* Frameworks */ = {
			isa = PBXGroup;
			children = (
			);
			name = Frameworks;
			sourceTree = "<group>";
		};
/* End PBXGroup section */

/* Begin PBXNativeTarget section */
		869CE67D2E54253C00A9763E /* BaroInterniOS */ = {
			isa = PBXNativeTarget;
			buildConfigurationList = 869CE6912E54253D00A9763E /* Build configuration list for PBXNativeTarget "BaroInterniOS" */;
			buildPhases = (
				869CE67A2E54253C00A9763E /* Sources */,
				869CE67B2E54253C00A9763E /* Frameworks */,
				869CE67C2E54253C00A9763E /* Resources */,
			);
			buildRules = (
			);
			dependencies = (
			);
			fileSystemSynchronizedGroups = (
				869CE6802E54253C00A9763E /* BaroInterniOS */,
			);
			name = BaroInterniOS;
			packageProductDependencies = (
				869CE9042E54265200A9763E /* Then */,
				869CE9072E54266100A9763E /* SnapKit */,
				869CE90A2E54268700A9763E /* RxCocoa */,
				869CE90C2E54268700A9763E /* RxRelay */,
				869CE90E2E54268700A9763E /* RxSwift */,
			);
			productName = BaroInterniOS;
			productReference = 869CE67E2E54253C00A9763E /* BaroInterniOS.app */;
			productType = "com.apple.product-type.application";
		};
		86EB6FEA2E55D98600556F51 /* BaroInterniOSTests */ = {
			isa = PBXNativeTarget;
			buildConfigurationList = 86EB6FF12E55D98600556F51 /* Build configuration list for PBXNativeTarget "BaroInterniOSTests" */;
			buildPhases = (
				86EB6FE72E55D98600556F51 /* Sources */,
				86EB6FE82E55D98600556F51 /* Frameworks */,
				86EB6FE92E55D98600556F51 /* Resources */,
			);
			buildRules = (
			);
			dependencies = (
				86EB6FF02E55D98600556F51 /* PBXTargetDependency */,
			);
			fileSystemSynchronizedGroups = (
				86EB6FEC2E55D98600556F51 /* BaroInterniOSTests */,
			);
			name = BaroInterniOSTests;
			packageProductDependencies = (
				86A1884D2E55E80C00A39C5A /* RxTest */,
			);
			productName = BaroInterniOSTests;
			productReference = 86EB6FEB2E55D98600556F51 /* BaroInterniOSTests.xctest */;
			productType = "com.apple.product-type.bundle.unit-test";
		};
/* End PBXNativeTarget section */

/* Begin PBXProject section */
		869CE6762E54253C00A9763E /* Project object */ = {
			isa = PBXProject;
			attributes = {
				BuildIndependentTargetsInParallel = 1;
				LastSwiftUpdateCheck = 1640;
				LastUpgradeCheck = 1640;
				TargetAttributes = {
					869CE67D2E54253C00A9763E = {
						CreatedOnToolsVersion = 16.4;
					};
					86EB6FEA2E55D98600556F51 = {
						CreatedOnToolsVersion = 16.4;
						TestTargetID = 869CE67D2E54253C00A9763E;
					};
				};
			};
			buildConfigurationList = 869CE6792E54253C00A9763E /* Build configuration list for PBXProject "BaroInterniOS" */;
			developmentRegion = en;
			hasScannedForEncodings = 0;
			knownRegions = (
				en,
				Base,
			);
			mainGroup = 869CE6752E54253C00A9763E;
			minimizedProjectReferenceProxies = 1;
			packageReferences = (
				869CE9032E54265200A9763E /* XCRemoteSwiftPackageReference "Then" */,
				869CE9062E54266100A9763E /* XCRemoteSwiftPackageReference "SnapKit" */,
				869CE9092E54268700A9763E /* XCRemoteSwiftPackageReference "RxSwift" */,
			);
			preferredProjectObjectVersion = 77;
			productRefGroup = 869CE67F2E54253C00A9763E /* Products */;
			projectDirPath = "";
			projectRoot = "";
			targets = (
				869CE67D2E54253C00A9763E /* BaroInterniOS */,
				86EB6FEA2E55D98600556F51 /* BaroInterniOSTests */,
			);
		};
/* End PBXProject section */

/* Begin PBXResourcesBuildPhase section */
		869CE67C2E54253C00A9763E /* Resources */ = {
			isa = PBXResourcesBuildPhase;
			buildActionMask = 2147483647;
			files = (
			);
			runOnlyForDeploymentPostprocessing = 0;
		};
		86EB6FE92E55D98600556F51 /* Resources */ = {
			isa = PBXResourcesBuildPhase;
			buildActionMask = 2147483647;
			files = (
			);
			runOnlyForDeploymentPostprocessing = 0;
		};
/* End PBXResourcesBuildPhase section */

/* Begin PBXSourcesBuildPhase section */
		869CE67A2E54253C00A9763E /* Sources */ = {
			isa = PBXSourcesBuildPhase;
			buildActionMask = 2147483647;
			files = (
			);
			runOnlyForDeploymentPostprocessing = 0;
		};
		86EB6FE72E55D98600556F51 /* Sources */ = {
			isa = PBXSourcesBuildPhase;
			buildActionMask = 2147483647;
			files = (
			);
			runOnlyForDeploymentPostprocessing = 0;
		};
/* End PBXSourcesBuildPhase section */

/* Begin PBXTargetDependency section */
		86EB6FF02E55D98600556F51 /* PBXTargetDependency */ = {
			isa = PBXTargetDependency;
			target = 869CE67D2E54253C00A9763E /* BaroInterniOS */;
			targetProxy = 86EB6FEF2E55D98600556F51 /* PBXContainerItemProxy */;
		};
/* End PBXTargetDependency section */

/* Begin XCBuildConfiguration section */
		869CE6922E54253D00A9763E /* Debug */ = {
			isa = XCBuildConfiguration;
			buildSettings = {
				ASSETCATALOG_COMPILER_APPICON_NAME = AppIcon;
				ASSETCATALOG_COMPILER_GLOBAL_ACCENT_COLOR_NAME = AccentColor;
				CODE_SIGN_STYLE = Automatic;
				CURRENT_PROJECT_VERSION = 1;
				DEVELOPMENT_TEAM = "";
				ENABLE_TESTING_SEARCH_PATHS = YES;
				GENERATE_INFOPLIST_FILE = YES;
				INFOPLIST_FILE = BaroInterniOS/Resource/Info.plist;
				INFOPLIST_KEY_UIApplicationSupportsIndirectInputEvents = YES;
				INFOPLIST_KEY_UILaunchStoryboardName = LaunchScreen;
				INFOPLIST_KEY_UISupportedInterfaceOrientations_iPad = "UIInterfaceOrientationPortrait UIInterfaceOrientationPortraitUpsideDown UIInterfaceOrientationLandscapeLeft UIInterfaceOrientationLandscapeRight";
				INFOPLIST_KEY_UISupportedInterfaceOrientations_iPhone = "UIInterfaceOrientationPortrait UIInterfaceOrientationLandscapeLeft UIInterfaceOrientationLandscapeRight";
				IPHONEOS_DEPLOYMENT_TARGET = 17.0;
				LD_RUNPATH_SEARCH_PATHS = (
					"$(inherited)",
					"@executable_path/Frameworks",
				);
				MARKETING_VERSION = 1.0;
				PRODUCT_BUNDLE_IDENTIFIER = com.yimkeul.BaroInterniOS;
				PRODUCT_NAME = "$(TARGET_NAME)";
				SUPPORTED_PLATFORMS = "iphoneos iphonesimulator";
				SUPPORTS_MACCATALYST = NO;
				SUPPORTS_MAC_DESIGNED_FOR_IPHONE_IPAD = NO;
				SUPPORTS_XR_DESIGNED_FOR_IPHONE_IPAD = NO;
				SWIFT_EMIT_LOC_STRINGS = YES;
				SWIFT_VERSION = 5.0;
				TARGETED_DEVICE_FAMILY = 1;
			};
			name = Debug;
		};
		869CE6932E54253D00A9763E /* Release */ = {
			isa = XCBuildConfiguration;
			buildSettings = {
				ASSETCATALOG_COMPILER_APPICON_NAME = AppIcon;
				ASSETCATALOG_COMPILER_GLOBAL_ACCENT_COLOR_NAME = AccentColor;
				CODE_SIGN_STYLE = Automatic;
				CURRENT_PROJECT_VERSION = 1;
				DEVELOPMENT_TEAM = "";
				ENABLE_TESTING_SEARCH_PATHS = YES;
				GENERATE_INFOPLIST_FILE = YES;
				INFOPLIST_FILE = BaroInterniOS/Resource/Info.plist;
				INFOPLIST_KEY_UIApplicationSupportsIndirectInputEvents = YES;
				INFOPLIST_KEY_UILaunchStoryboardName = LaunchScreen;
				INFOPLIST_KEY_UISupportedInterfaceOrientations_iPad = "UIInterfaceOrientationPortrait UIInterfaceOrientationPortraitUpsideDown UIInterfaceOrientationLandscapeLeft UIInterfaceOrientationLandscapeRight";
				INFOPLIST_KEY_UISupportedInterfaceOrientations_iPhone = "UIInterfaceOrientationPortrait UIInterfaceOrientationLandscapeLeft UIInterfaceOrientationLandscapeRight";
				IPHONEOS_DEPLOYMENT_TARGET = 17.0;
				LD_RUNPATH_SEARCH_PATHS = (
					"$(inherited)",
					"@executable_path/Frameworks",
				);
				MARKETING_VERSION = 1.0;
				PRODUCT_BUNDLE_IDENTIFIER = com.yimkeul.BaroInterniOS;
				PRODUCT_NAME = "$(TARGET_NAME)";
				SUPPORTED_PLATFORMS = "iphoneos iphonesimulator";
				SUPPORTS_MACCATALYST = NO;
				SUPPORTS_MAC_DESIGNED_FOR_IPHONE_IPAD = NO;
				SUPPORTS_XR_DESIGNED_FOR_IPHONE_IPAD = NO;
				SWIFT_EMIT_LOC_STRINGS = YES;
				SWIFT_VERSION = 5.0;
				TARGETED_DEVICE_FAMILY = 1;
			};
			name = Release;
		};
		869CE6942E54253D00A9763E /* Debug */ = {
			isa = XCBuildConfiguration;
			buildSettings = {
				ALWAYS_SEARCH_USER_PATHS = NO;
				ASSETCATALOG_COMPILER_GENERATE_SWIFT_ASSET_SYMBOL_EXTENSIONS = YES;
				CLANG_ANALYZER_NONNULL = YES;
				CLANG_ANALYZER_NUMBER_OBJECT_CONVERSION = YES_AGGRESSIVE;
				CLANG_CXX_LANGUAGE_STANDARD = "gnu++20";
				CLANG_ENABLE_MODULES = YES;
				CLANG_ENABLE_OBJC_ARC = YES;
				CLANG_ENABLE_OBJC_WEAK = YES;
				CLANG_WARN_BLOCK_CAPTURE_AUTORELEASING = YES;
				CLANG_WARN_BOOL_CONVERSION = YES;
				CLANG_WARN_COMMA = YES;
				CLANG_WARN_CONSTANT_CONVERSION = YES;
				CLANG_WARN_DEPRECATED_OBJC_IMPLEMENTATIONS = YES;
				CLANG_WARN_DIRECT_OBJC_ISA_USAGE = YES_ERROR;
				CLANG_WARN_DOCUMENTATION_COMMENTS = YES;
				CLANG_WARN_EMPTY_BODY = YES;
				CLANG_WARN_ENUM_CONVERSION = YES;
				CLANG_WARN_INFINITE_RECURSION = YES;
				CLANG_WARN_INT_CONVERSION = YES;
				CLANG_WARN_NON_LITERAL_NULL_CONVERSION = YES;
				CLANG_WARN_OBJC_IMPLICIT_RETAIN_SELF = YES;
				CLANG_WARN_OBJC_LITERAL_CONVERSION = YES;
				CLANG_WARN_OBJC_ROOT_CLASS = YES_ERROR;
				CLANG_WARN_QUOTED_INCLUDE_IN_FRAMEWORK_HEADER = YES;
				CLANG_WARN_RANGE_LOOP_ANALYSIS = YES;
				CLANG_WARN_STRICT_PROTOTYPES = YES;
				CLANG_WARN_SUSPICIOUS_MOVE = YES;
				CLANG_WARN_UNGUARDED_AVAILABILITY = YES_AGGRESSIVE;
				CLANG_WARN_UNREACHABLE_CODE = YES;
				CLANG_WARN__DUPLICATE_METHOD_MATCH = YES;
				COPY_PHASE_STRIP = NO;
				DEBUG_INFORMATION_FORMAT = dwarf;
				ENABLE_STRICT_OBJC_MSGSEND = YES;
				ENABLE_TESTABILITY = YES;
				ENABLE_USER_SCRIPT_SANDBOXING = YES;
				GCC_C_LANGUAGE_STANDARD = gnu17;
				GCC_DYNAMIC_NO_PIC = NO;
				GCC_NO_COMMON_BLOCKS = YES;
				GCC_OPTIMIZATION_LEVEL = 0;
				GCC_PREPROCESSOR_DEFINITIONS = (
					"DEBUG=1",
					"$(inherited)",
				);
				GCC_WARN_64_TO_32_BIT_CONVERSION = YES;
				GCC_WARN_ABOUT_RETURN_TYPE = YES_ERROR;
				GCC_WARN_UNDECLARED_SELECTOR = YES;
				GCC_WARN_UNINITIALIZED_AUTOS = YES_AGGRESSIVE;
				GCC_WARN_UNUSED_FUNCTION = YES;
				GCC_WARN_UNUSED_VARIABLE = YES;
				IPHONEOS_DEPLOYMENT_TARGET = 18.5;
				LOCALIZATION_PREFERS_STRING_CATALOGS = YES;
				MTL_ENABLE_DEBUG_INFO = INCLUDE_SOURCE;
				MTL_FAST_MATH = YES;
				ONLY_ACTIVE_ARCH = YES;
				SDKROOT = iphoneos;
				SWIFT_ACTIVE_COMPILATION_CONDITIONS = "DEBUG $(inherited)";
				SWIFT_OPTIMIZATION_LEVEL = "-Onone";
			};
			name = Debug;
		};
		869CE6952E54253D00A9763E /* Release */ = {
			isa = XCBuildConfiguration;
			buildSettings = {
				ALWAYS_SEARCH_USER_PATHS = NO;
				ASSETCATALOG_COMPILER_GENERATE_SWIFT_ASSET_SYMBOL_EXTENSIONS = YES;
				CLANG_ANALYZER_NONNULL = YES;
				CLANG_ANALYZER_NUMBER_OBJECT_CONVERSION = YES_AGGRESSIVE;
				CLANG_CXX_LANGUAGE_STANDARD = "gnu++20";
				CLANG_ENABLE_MODULES = YES;
				CLANG_ENABLE_OBJC_ARC = YES;
				CLANG_ENABLE_OBJC_WEAK = YES;
				CLANG_WARN_BLOCK_CAPTURE_AUTORELEASING = YES;
				CLANG_WARN_BOOL_CONVERSION = YES;
				CLANG_WARN_COMMA = YES;
				CLANG_WARN_CONSTANT_CONVERSION = YES;
				CLANG_WARN_DEPRECATED_OBJC_IMPLEMENTATIONS = YES;
				CLANG_WARN_DIRECT_OBJC_ISA_USAGE = YES_ERROR;
				CLANG_WARN_DOCUMENTATION_COMMENTS = YES;
				CLANG_WARN_EMPTY_BODY = YES;
				CLANG_WARN_ENUM_CONVERSION = YES;
				CLANG_WARN_INFINITE_RECURSION = YES;
				CLANG_WARN_INT_CONVERSION = YES;
				CLANG_WARN_NON_LITERAL_NULL_CONVERSION = YES;
				CLANG_WARN_OBJC_IMPLICIT_RETAIN_SELF = YES;
				CLANG_WARN_OBJC_LITERAL_CONVERSION = YES;
				CLANG_WARN_OBJC_ROOT_CLASS = YES_ERROR;
				CLANG_WARN_QUOTED_INCLUDE_IN_FRAMEWORK_HEADER = YES;
				CLANG_WARN_RANGE_LOOP_ANALYSIS = YES;
				CLANG_WARN_STRICT_PROTOTYPES = YES;
				CLANG_WARN_SUSPICIOUS_MOVE = YES;
				CLANG_WARN_UNGUARDED_AVAILABILITY = YES_AGGRESSIVE;
				CLANG_WARN_UNREACHABLE_CODE = YES;
				CLANG_WARN__DUPLICATE_METHOD_MATCH = YES;
				COPY_PHASE_STRIP = NO;
				DEBUG_INFORMATION_FORMAT = "dwarf-with-dsym";
				ENABLE_NS_ASSERTIONS = NO;
				ENABLE_STRICT_OBJC_MSGSEND = YES;
				ENABLE_USER_SCRIPT_SANDBOXING = YES;
				GCC_C_LANGUAGE_STANDARD = gnu17;
				GCC_NO_COMMON_BLOCKS = YES;
				GCC_WARN_64_TO_32_BIT_CONVERSION = YES;
				GCC_WARN_ABOUT_RETURN_TYPE = YES_ERROR;
				GCC_WARN_UNDECLARED_SELECTOR = YES;
				GCC_WARN_UNINITIALIZED_AUTOS = YES_AGGRESSIVE;
				GCC_WARN_UNUSED_FUNCTION = YES;
				GCC_WARN_UNUSED_VARIABLE = YES;
				IPHONEOS_DEPLOYMENT_TARGET = 18.5;
				LOCALIZATION_PREFERS_STRING_CATALOGS = YES;
				MTL_ENABLE_DEBUG_INFO = NO;
				MTL_FAST_MATH = YES;
				SDKROOT = iphoneos;
				SWIFT_COMPILATION_MODE = wholemodule;
				VALIDATE_PRODUCT = YES;
			};
			name = Release;
		};
		86EB6FF22E55D98600556F51 /* Debug */ = {
			isa = XCBuildConfiguration;
			buildSettings = {
				BUNDLE_LOADER = "$(TEST_HOST)";
				CODE_SIGN_STYLE = Automatic;
				CURRENT_PROJECT_VERSION = 1;
				DEVELOPMENT_TEAM = "";
				GENERATE_INFOPLIST_FILE = YES;
				IPHONEOS_DEPLOYMENT_TARGET = 17.0;
				MARKETING_VERSION = 1.0;
				PRODUCT_BUNDLE_IDENTIFIER = com.yimkeul.BaroInterniOSTests;
				PRODUCT_NAME = "$(TARGET_NAME)";
				SWIFT_EMIT_LOC_STRINGS = NO;
				SWIFT_VERSION = 5.0;
				TARGETED_DEVICE_FAMILY = "1,2";
				TEST_HOST = "$(BUILT_PRODUCTS_DIR)/BaroInterniOS.app/$(BUNDLE_EXECUTABLE_FOLDER_PATH)/BaroInterniOS";
			};
			name = Debug;
		};
		86EB6FF32E55D98600556F51 /* Release */ = {
			isa = XCBuildConfiguration;
			buildSettings = {
				BUNDLE_LOADER = "$(TEST_HOST)";
				CODE_SIGN_STYLE = Automatic;
				CURRENT_PROJECT_VERSION = 1;
				DEVELOPMENT_TEAM = "";
				GENERATE_INFOPLIST_FILE = YES;
				IPHONEOS_DEPLOYMENT_TARGET = 17.0;
				MARKETING_VERSION = 1.0;
				PRODUCT_BUNDLE_IDENTIFIER = com.yimkeul.BaroInterniOSTests;
				PRODUCT_NAME = "$(TARGET_NAME)";
				SWIFT_EMIT_LOC_STRINGS = NO;
				SWIFT_VERSION = 5.0;
				TARGETED_DEVICE_FAMILY = "1,2";
				TEST_HOST = "$(BUILT_PRODUCTS_DIR)/BaroInterniOS.app/$(BUNDLE_EXECUTABLE_FOLDER_PATH)/BaroInterniOS";
			};
			name = Release;
		};
/* End XCBuildConfiguration section */

/* Begin XCConfigurationList section */
		869CE6792E54253C00A9763E /* Build configuration list for PBXProject "BaroInterniOS" */ = {
			isa = XCConfigurationList;
			buildConfigurations = (
				869CE6942E54253D00A9763E /* Debug */,
				869CE6952E54253D00A9763E /* Release */,
			);
			defaultConfigurationIsVisible = 0;
			defaultConfigurationName = Release;
		};
		869CE6912E54253D00A9763E /* Build configuration list for PBXNativeTarget "BaroInterniOS" */ = {
			isa = XCConfigurationList;
			buildConfigurations = (
				869CE6922E54253D00A9763E /* Debug */,
				869CE6932E54253D00A9763E /* Release */,
			);
			defaultConfigurationIsVisible = 0;
			defaultConfigurationName = Release;
		};
		86EB6FF12E55D98600556F51 /* Build configuration list for PBXNativeTarget "BaroInterniOSTests" */ = {
			isa = XCConfigurationList;
			buildConfigurations = (
				86EB6FF22E55D98600556F51 /* Debug */,
				86EB6FF32E55D98600556F51 /* Release */,
			);
			defaultConfigurationIsVisible = 0;
			defaultConfigurationName = Release;
		};
/* End XCConfigurationList section */

/* Begin XCRemoteSwiftPackageReference section */
		869CE9032E54265200A9763E /* XCRemoteSwiftPackageReference "Then" */ = {
			isa = XCRemoteSwiftPackageReference;
			repositoryURL = "https://github.com/devxoul/Then.git";
			requirement = {
				kind = upToNextMajorVersion;
				minimumVersion = 3.0.0;
			};
		};
		869CE9062E54266100A9763E /* XCRemoteSwiftPackageReference "SnapKit" */ = {
			isa = XCRemoteSwiftPackageReference;
			repositoryURL = "https://github.com/SnapKit/SnapKit.git";
			requirement = {
				kind = upToNextMajorVersion;
				minimumVersion = 5.7.1;
			};
		};
		869CE9092E54268700A9763E /* XCRemoteSwiftPackageReference "RxSwift" */ = {
			isa = XCRemoteSwiftPackageReference;
			repositoryURL = "https://github.com/ReactiveX/RxSwift.git";
			requirement = {
				kind = upToNextMajorVersion;
				minimumVersion = 6.9.0;
			};
		};
/* End XCRemoteSwiftPackageReference section */

/* Begin XCSwiftPackageProductDependency section */
		869CE9042E54265200A9763E /* Then */ = {
			isa = XCSwiftPackageProductDependency;
			package = 869CE9032E54265200A9763E /* XCRemoteSwiftPackageReference "Then" */;
			productName = Then;
		};
		869CE9072E54266100A9763E /* SnapKit */ = {
			isa = XCSwiftPackageProductDependency;
			package = 869CE9062E54266100A9763E /* XCRemoteSwiftPackageReference "SnapKit" */;
			productName = SnapKit;
		};
		869CE90A2E54268700A9763E /* RxCocoa */ = {
			isa = XCSwiftPackageProductDependency;
			package = 869CE9092E54268700A9763E /* XCRemoteSwiftPackageReference "RxSwift" */;
			productName = RxCocoa;
		};
		869CE90C2E54268700A9763E /* RxRelay */ = {
			isa = XCSwiftPackageProductDependency;
			package = 869CE9092E54268700A9763E /* XCRemoteSwiftPackageReference "RxSwift" */;
			productName = RxRelay;
		};
		869CE90E2E54268700A9763E /* RxSwift */ = {
			isa = XCSwiftPackageProductDependency;
			package = 869CE9092E54268700A9763E /* XCRemoteSwiftPackageReference "RxSwift" */;
			productName = RxSwift;
		};
		86A1884D2E55E80C00A39C5A /* RxTest */ = {
			isa = XCSwiftPackageProductDependency;
			package = 869CE9092E54268700A9763E /* XCRemoteSwiftPackageReference "RxSwift" */;
			productName = RxTest;
		};
/* End XCSwiftPackageProductDependency section */
	};
	rootObject = 869CE6762E54253C00A9763E /* Project object */;
}
